
Microsoft Visual Studio Solution File, Format Version 12.00
# Visual Studio 15
VisualStudioVersion = 15.0.27703.2042
MinimumVisualStudioVersion = 10.0.40219.1
Project("{FAE04EC0-301F-11D3-BF4B-00C04F79EFBC}") = "Starting with C Sharp", "Starting with C Sharp\Starting with C Sharp.csproj", "{C9E6CE6D-D564-43D7-8A29-4B018037154E}"
EndProject
Global
	GlobalSection(SolutionConfigurationPlatforms) = preSolution
		Debug|Any CPU = Debug|Any CPU
		Release|Any CPU = Release|Any CPU
	EndGlobalSection
	GlobalSection(ProjectConfigurationPlatforms) = postSolution
		{C9E6CE6D-D564-43D7-8A29-4B018037154E}.Debug|Any CPU.ActiveCfg = Debug|Any CPU
		{C9E6CE6D-D564-43D7-8A29-4B018037154E}.Debug|Any CPU.Build.0 = Debug|Any CPU
		{C9E6CE6D-D564-43D7-8A29-4B018037154E}.Release|Any CPU.ActiveCfg = Release|Any CPU
		{C9E6CE6D-D564-43D7-8A29-4B018037154E}.Release|Any CPU.Build.0 = Release|Any CPU
	EndGlobalSection
	GlobalSection(SolutionProperties) = preSolution
		HideSolutionNode = FALSE
	EndGlobalSection
	GlobalSection(ExtensibilityGlobals) = postSolution
		SolutionGuid = {D05DAFFF-7FB6-4DB3-BE9A-A12E914C18C4}
	EndGlobalSection
EndGlobal
